
Microsoft Visual Studio Solution File, Format Version 12.00
# Visual Studio Version 17
VisualStudioVersion = 17.1.32328.378
MinimumVisualStudioVersion = 10.0.40219.1
Project("{9A19103F-16F7-4668-BE54-9A1E7A4F7556}") = "CheatNearbyResourcesHighlight", "CheatNearbyResourcesHighlight\CheatNearbyResourcesHighlight.csproj", "{971A0102-6B8F-4908-8B13-DA16B7B9D69A}"
EndProject
Global
	GlobalSection(SolutionConfigurationPlatforms) = preSolution
		Debug|Any CPU = Debug|Any CPU
		Release|Any CPU = Release|Any CPU
	EndGlobalSection
	GlobalSection(ProjectConfigurationPlatforms) = postSolution
		{971A0102-6B8F-4908-8B13-DA16B7B9D69A}.Debug|Any CPU.ActiveCfg = Debug|Any CPU
		{971A0102-6B8F-4908-8B13-DA16B7B9D69A}.Debug|Any CPU.Build.0 = Debug|Any CPU
		{971A0102-6B8F-4908-8B13-DA16B7B9D69A}.Release|Any CPU.ActiveCfg = Release|Any CPU
		{971A0102-6B8F-4908-8B13-DA16B7B9D69A}.Release|Any CPU.Build.0 = Release|Any CPU
	EndGlobalSection
	GlobalSection(SolutionProperties) = preSolution
		HideSolutionNode = FALSE
	EndGlobalSection
	GlobalSection(ExtensibilityGlobals) = postSolution
		SolutionGuid = {D3A62149-158E-4F2A-9040-2EBCC41D92AC}
	EndGlobalSection
EndGlobal
