
Microsoft Visual Studio Solution File, Format Version 12.00
# Visual Studio Version 17
VisualStudioVersion = 17.1.32328.378
MinimumVisualStudioVersion = 10.0.40219.1
Project("{9A19103F-16F7-4668-BE54-9A1E7A4F7556}") = "CheatNearbyResourcesHighlight", "CheatNearbyResourcesHighlight\CheatNearbyResourcesHighlight.csproj", "{971A0102-6B8F-4908-8B13-DA16B7B9D69A}"
EndProject
Project("{9A19103F-16F7-4668-BE54-9A1E7A4F7556}") = "UICustomInventorySortAll", "UICustomInventorySortAll\UICustomInventorySortAll.csproj", "{C9A04484-8E33-4350-8476-2A37631D45F8}"
EndProject
Project("{9A19103F-16F7-4668-BE54-9A1E7A4F7556}") = "UIInventoryMoveMultiple", "UIInventoryMoveMultiple\UIInventoryMoveMultiple.csproj", "{166F3E68-4598-415A-9EBE-1D375CEA08A7}"
EndProject
Project("{9A19103F-16F7-4668-BE54-9A1E7A4F7556}") = "UIDontCloseCraftWindow", "UIDontCloseCraftWindow\UIDontCloseCraftWindow.csproj", "{FEE9D314-2432-42CD-B0FB-0046C0A0CCB7}"
EndProject
Project("{9A19103F-16F7-4668-BE54-9A1E7A4F7556}") = "UIShowPlayerInventoryCount", "UIShowPlayerInventoryCount\UIShowPlayerInventoryCount.csproj", "{8A194581-90E3-4EB1-A0EC-53898856EF7B}"
EndProject
Project("{9A19103F-16F7-4668-BE54-9A1E7A4F7556}") = "UIShowContainerInfo", "UIShowContainerInfo\UIShowContainerInfo.csproj", "{43B6B631-BB9E-4F70-89C8-30C2342E7FA3}"
EndProject
Project("{9A19103F-16F7-4668-BE54-9A1E7A4F7556}") = "UIShowRocketCount", "UIShowRocketCount\UIShowRocketCount.csproj", "{290EF238-4052-40BB-B5D5-ED2482491810}"
EndProject
Project("{9A19103F-16F7-4668-BE54-9A1E7A4F7556}") = "UIShowPlayerTooltipItemCount", "UIShowPlayerTooltipItemCount\UIShowPlayerTooltipItemCount.csproj", "{10B39461-2449-4762-B763-E8216F51136C}"
EndProject
Project("{9A19103F-16F7-4668-BE54-9A1E7A4F7556}") = "CheatAsteroidLandingPosition", "CheatAsteroidLandingPosition\CheatAsteroidLandingPosition.csproj", "{8A976BE2-3526-452D-918F-839227623F5D}"
EndProject
Project("{9A19103F-16F7-4668-BE54-9A1E7A4F7556}") = "CheatAutoConsume", "CheatAutoConsume\CheatAutoConsume.csproj", "{508805BE-5641-4F68-A7A1-4CB87594AAD1}"
EndProject
Project("{2150E333-8FDC-42A3-9474-1A3956D46DE8}") = "Solution Items", "Solution Items", "{B3D8E3D8-659C-43AC-A3E2-B5EF6B1E65B6}"
	ProjectSection(SolutionItems) = preProject
		README.md = README.md
		solution_private.targets = solution_private.targets
		version_info_repository.xml = version_info_repository.xml
	EndProjectSection
EndProject
Project("{9A19103F-16F7-4668-BE54-9A1E7A4F7556}") = "CheatTeleportNearestMinable", "CheatTeleportNearestMinable\CheatTeleportNearestMinable.csproj", "{1B933605-EBA4-4649-8FDF-ECEA821A280E}"
EndProject
Project("{9A19103F-16F7-4668-BE54-9A1E7A4F7556}") = "CheatMachineRemoteDeposit", "CheatMachineRemoteDeposit\CheatMachineRemoteDeposit.csproj", "{F7BE212F-A52F-4CF9-9583-D15454066993}"
EndProject
Project("{9A19103F-16F7-4668-BE54-9A1E7A4F7556}") = "CheatPhotomodeHideWater", "CheatPhotomodeHideWater\CheatPhotomodeHideWater.csproj", "{5618B128-92E8-418F-894B-F0C359091038}"
EndProject
Project("{9A19103F-16F7-4668-BE54-9A1E7A4F7556}") = "PerfSaveReduceSize", "PerfSaveReduceSize\PerfSaveReduceSize.csproj", "{D92BDB0B-1765-4D48-988C-68539CA557C3}"
EndProject
Project("{9A19103F-16F7-4668-BE54-9A1E7A4F7556}") = "UIPinRecipe", "UIPinRecipe\UIPinRecipe.csproj", "{60435D27-3430-4837-830F-0BFD126D07E6}"
EndProject
Project("{9A19103F-16F7-4668-BE54-9A1E7A4F7556}") = "LibModLoadSaveSupport", "LibModLoadSaveSupport\LibModLoadSaveSupport.csproj", "{DD897306-702F-4DA1-A1D8-020CBD4360B4}"
EndProject
Project("{9A19103F-16F7-4668-BE54-9A1E7A4F7556}") = "ExampleModLoadSaveSupportSoft", "ExampleModLoadSaveSupportSoft\ExampleModLoadSaveSupportSoft.csproj", "{0F9F35E2-F9A0-4D51-A459-B381F6D63295}"
EndProject
Project("{9A19103F-16F7-4668-BE54-9A1E7A4F7556}") = "UICraftEquipmentInplace", "UICraftEquipmentInplace\UICraftEquipmentInplace.csproj", "{8B938DFE-E804-47F6-AEE0-2F88405BBA3E}"
EndProject
Project("{9A19103F-16F7-4668-BE54-9A1E7A4F7556}") = "CheatMinimap", "CheatMinimap\CheatMinimap.csproj", "{99714257-AC6F-4EE3-8321-713808D00B93}"
EndProject
Project("{9A19103F-16F7-4668-BE54-9A1E7A4F7556}") = "UISaveOnQuit", "UISaveOnQuit\UISaveOnQuit.csproj", "{B38DD082-BCBF-4A0B-8EFC-3095F1FC9496}"
EndProject
Project("{9A19103F-16F7-4668-BE54-9A1E7A4F7556}") = "CheatInventoryStacking", "CheatInventoryStacking\CheatInventoryStacking.csproj", "{3C36EA70-9B21-45D8-B4F1-4C3A060353D6}"
EndProject
Project("{9A19103F-16F7-4668-BE54-9A1E7A4F7556}") = "UIShowGrabNMineCount", "UIShowGrabNMineCount\UIShowGrabNMineCount.csproj", "{BC1EDA7A-D821-49AA-80CD-DFA0AFEB9EFD}"
EndProject
Project("{9A19103F-16F7-4668-BE54-9A1E7A4F7556}") = "UIHotbar", "UIHotbar\UIHotbar.csproj", "{35F92E38-E5CD-490D-8A11-D9970A3003B0}"
EndProject
Project("{9A19103F-16F7-4668-BE54-9A1E7A4F7556}") = "ZipRest", "ZipRest\ZipRest.csproj", "{2252A7D3-9E04-4C43-9512-1BD40AB594BC}"
	ProjectSection(ProjectDependencies) = postProject
		{06D07BEE-AE51-4CE7-828A-EE1EA49A7013} = {06D07BEE-AE51-4CE7-828A-EE1EA49A7013}
		{07CB94BA-84F3-4651-8C0E-46220C367FCE} = {07CB94BA-84F3-4651-8C0E-46220C367FCE}
		{0E2D77A6-B995-449B-8B8F-0A273F750453} = {0E2D77A6-B995-449B-8B8F-0A273F750453}
		{0F9F35E2-F9A0-4D51-A459-B381F6D63295} = {0F9F35E2-F9A0-4D51-A459-B381F6D63295}
		{10B39461-2449-4762-B763-E8216F51136C} = {10B39461-2449-4762-B763-E8216F51136C}
		{166F3E68-4598-415A-9EBE-1D375CEA08A7} = {166F3E68-4598-415A-9EBE-1D375CEA08A7}
		{19618F76-1076-4CE2-96AD-F41E734CAA11} = {19618F76-1076-4CE2-96AD-F41E734CAA11}
		{1B933605-EBA4-4649-8FDF-ECEA821A280E} = {1B933605-EBA4-4649-8FDF-ECEA821A280E}
		{1C8D9018-2224-464A-AF29-FFB38EB219F2} = {1C8D9018-2224-464A-AF29-FFB38EB219F2}
		{200488A8-2AC6-4B0A-94F8-C7C8E7939DCF} = {200488A8-2AC6-4B0A-94F8-C7C8E7939DCF}
		{2054C506-56D0-42CA-B289-FCBF30AF14D7} = {2054C506-56D0-42CA-B289-FCBF30AF14D7}
		{290EF238-4052-40BB-B5D5-ED2482491810} = {290EF238-4052-40BB-B5D5-ED2482491810}
		{2944C6CB-7E5E-4D0E-B2FC-4A81A8200176} = {2944C6CB-7E5E-4D0E-B2FC-4A81A8200176}
		{2FF39F25-B3E7-4AC5-91C8-C9C079C06497} = {2FF39F25-B3E7-4AC5-91C8-C9C079C06497}
		{335F95F5-B1A9-40C9-BB17-ACFDC248A792} = {335F95F5-B1A9-40C9-BB17-ACFDC248A792}
		{35F92E38-E5CD-490D-8A11-D9970A3003B0} = {35F92E38-E5CD-490D-8A11-D9970A3003B0}
		{3C36EA70-9B21-45D8-B4F1-4C3A060353D6} = {3C36EA70-9B21-45D8-B4F1-4C3A060353D6}
		{40421934-73B7-4A47-9CE0-477353F1C3FB} = {40421934-73B7-4A47-9CE0-477353F1C3FB}
		{404C0831-AA80-4258-A996-E41B00C54B8A} = {404C0831-AA80-4258-A996-E41B00C54B8A}
		{43B6B631-BB9E-4F70-89C8-30C2342E7FA3} = {43B6B631-BB9E-4F70-89C8-30C2342E7FA3}
		{508805BE-5641-4F68-A7A1-4CB87594AAD1} = {508805BE-5641-4F68-A7A1-4CB87594AAD1}
		{559D08A0-683F-4EC1-AF14-07AFEBECD44A} = {559D08A0-683F-4EC1-AF14-07AFEBECD44A}
		{5618B128-92E8-418F-894B-F0C359091038} = {5618B128-92E8-418F-894B-F0C359091038}
		{590CCD56-D8D5-4DCF-8AE0-2179F91D89FF} = {590CCD56-D8D5-4DCF-8AE0-2179F91D89FF}
		{5EB33AFF-D26B-49B8-A2A2-F0B638DD079C} = {5EB33AFF-D26B-49B8-A2A2-F0B638DD079C}
		{5FE665F6-3522-45FA-A676-A55058A6E8D6} = {5FE665F6-3522-45FA-A676-A55058A6E8D6}
		{60435D27-3430-4837-830F-0BFD126D07E6} = {60435D27-3430-4837-830F-0BFD126D07E6}
		{7B762CCD-8B76-49C6-B5F9-0790EF9A42D5} = {7B762CCD-8B76-49C6-B5F9-0790EF9A42D5}
		{8A194581-90E3-4EB1-A0EC-53898856EF7B} = {8A194581-90E3-4EB1-A0EC-53898856EF7B}
		{8A9090D9-4472-49D1-A9EA-D54EF49C0D45} = {8A9090D9-4472-49D1-A9EA-D54EF49C0D45}
		{8A976BE2-3526-452D-918F-839227623F5D} = {8A976BE2-3526-452D-918F-839227623F5D}
		{8B938DFE-E804-47F6-AEE0-2F88405BBA3E} = {8B938DFE-E804-47F6-AEE0-2F88405BBA3E}
		{8F4EAAAB-E174-4C8C-ADD3-99496750D7EA} = {8F4EAAAB-E174-4C8C-ADD3-99496750D7EA}
		{94517F65-9BC6-41D6-B463-9FEC1445D516} = {94517F65-9BC6-41D6-B463-9FEC1445D516}
		{971A0102-6B8F-4908-8B13-DA16B7B9D69A} = {971A0102-6B8F-4908-8B13-DA16B7B9D69A}
		{99714257-AC6F-4EE3-8321-713808D00B93} = {99714257-AC6F-4EE3-8321-713808D00B93}
		{AFBD5388-1D44-4F5C-83EE-6936B88399D9} = {AFBD5388-1D44-4F5C-83EE-6936B88399D9}
		{AFFCE215-F5B2-4DDF-A4EA-9B26F6703569} = {AFFCE215-F5B2-4DDF-A4EA-9B26F6703569}
		{B38DD082-BCBF-4A0B-8EFC-3095F1FC9496} = {B38DD082-BCBF-4A0B-8EFC-3095F1FC9496}
		{B617263B-AEA5-4109-BBC8-534E3E75132A} = {B617263B-AEA5-4109-BBC8-534E3E75132A}
		{BC1EDA7A-D821-49AA-80CD-DFA0AFEB9EFD} = {BC1EDA7A-D821-49AA-80CD-DFA0AFEB9EFD}
		{BC8C497A-0EA2-4D49-BD87-BD9B9AE10046} = {BC8C497A-0EA2-4D49-BD87-BD9B9AE10046}
		{BCCB223D-8D00-413A-8600-DD21D3A95ED4} = {BCCB223D-8D00-413A-8600-DD21D3A95ED4}
		{BFB96635-BE59-4C4B-B7EC-25CDBCCD03EF} = {BFB96635-BE59-4C4B-B7EC-25CDBCCD03EF}
		{C9A04484-8E33-4350-8476-2A37631D45F8} = {C9A04484-8E33-4350-8476-2A37631D45F8}
		{D27420E1-447E-4AC9-97C1-48B6A8C24940} = {D27420E1-447E-4AC9-97C1-48B6A8C24940}
		{D92BDB0B-1765-4D48-988C-68539CA557C3} = {D92BDB0B-1765-4D48-988C-68539CA557C3}
		{DC2E89F6-FF64-4176-98EE-12E098251C2B} = {DC2E89F6-FF64-4176-98EE-12E098251C2B}
		{DD897306-702F-4DA1-A1D8-020CBD4360B4} = {DD897306-702F-4DA1-A1D8-020CBD4360B4}
		{E04F9891-6B94-4382-8BCC-2667D72DEC0B} = {E04F9891-6B94-4382-8BCC-2667D72DEC0B}
		{E11E5EFD-6890-42DD-AC20-EF97918999BA} = {E11E5EFD-6890-42DD-AC20-EF97918999BA}
		{E141304B-7A5D-43F9-AE78-C87F6670C54B} = {E141304B-7A5D-43F9-AE78-C87F6670C54B}
		{E5B73C4E-ECAA-4B32-861A-9203E29E7BDF} = {E5B73C4E-ECAA-4B32-861A-9203E29E7BDF}
		{EE0618BE-099B-4502-B19C-EC3228A5F310} = {EE0618BE-099B-4502-B19C-EC3228A5F310}
		{EE0AC7E1-E6D0-4F1A-98D4-A335CF344B06} = {EE0AC7E1-E6D0-4F1A-98D4-A335CF344B06}
		{F2DC302D-361E-4136-A93E-8AACB056C79C} = {F2DC302D-361E-4136-A93E-8AACB056C79C}
		{F7BE212F-A52F-4CF9-9583-D15454066993} = {F7BE212F-A52F-4CF9-9583-D15454066993}
		{F7C9A557-6447-45EA-BCCD-18B95B553583} = {F7C9A557-6447-45EA-BCCD-18B95B553583}
		{FC902282-98E7-491C-8284-E0DF6809FF3C} = {FC902282-98E7-491C-8284-E0DF6809FF3C}
		{FEE9D314-2432-42CD-B0FB-0046C0A0CCB7} = {FEE9D314-2432-42CD-B0FB-0046C0A0CCB7}
	EndProjectSection
EndProject
Project("{9A19103F-16F7-4668-BE54-9A1E7A4F7556}") = "UITranslationHungarian", "UITranslationHungarian\UITranslationHungarian.csproj", "{0E2D77A6-B995-449B-8B8F-0A273F750453}"
EndProject
Project("{9A19103F-16F7-4668-BE54-9A1E7A4F7556}") = "UIShowConsumableCount", "UIShowConsumableCount\UIShowConsumableCount.csproj", "{19618F76-1076-4CE2-96AD-F41E734CAA11}"
EndProject
Project("{9A19103F-16F7-4668-BE54-9A1E7A4F7556}") = "CheatAutoHarvest", "CheatAutoHarvest\CheatAutoHarvest.csproj", "{EE0AC7E1-E6D0-4F1A-98D4-A335CF344B06}"
EndProject
Project("{9A19103F-16F7-4668-BE54-9A1E7A4F7556}") = "FixUnbrickSave", "FixUnbrickSave\FixUnbrickSave.csproj", "{B617263B-AEA5-4109-BBC8-534E3E75132A}"
EndProject
Project("{9A19103F-16F7-4668-BE54-9A1E7A4F7556}") = "UIShowMultiToolMode", "UIShowMultiToolMode\UIShowMultiToolMode.csproj", "{1C8D9018-2224-464A-AF29-FFB38EB219F2}"
EndProject
Project("{9A19103F-16F7-4668-BE54-9A1E7A4F7556}") = "SaveAutoBackup", "SaveAutoBackup\SaveAutoBackup.csproj", "{8F4EAAAB-E174-4C8C-ADD3-99496750D7EA}"
EndProject
Project("{9A19103F-16F7-4668-BE54-9A1E7A4F7556}") = "UISortSaves", "UISortSaves\UISortSaves.csproj", "{40421934-73B7-4A47-9CE0-477353F1C3FB}"
EndProject
Project("{9A19103F-16F7-4668-BE54-9A1E7A4F7556}") = "FixUnofficialPatches", "FixUnofficialPatches\FixUnofficialPatches.csproj", "{D27420E1-447E-4AC9-97C1-48B6A8C24940}"
EndProject
Project("{9A19103F-16F7-4668-BE54-9A1E7A4F7556}") = "FeatMultiplayer", "FeatMultiplayer\FeatMultiplayer.csproj", "{5EB33AFF-D26B-49B8-A2A2-F0B638DD079C}"
EndProject
Project("{9A19103F-16F7-4668-BE54-9A1E7A4F7556}") = "MiscPluginUpdateChecker", "MiscPluginUpdateChecker\MiscPluginUpdateChecker.csproj", "{7B762CCD-8B76-49C6-B5F9-0790EF9A42D5}"
EndProject
Project("{FAE04EC0-301F-11D3-BF4B-00C04F79EFBC}") = "XTestPlugins", "XTestPlugins\XTestPlugins.csproj", "{30903A9F-7E6B-4C0E-85EE-56F27311A472}"
EndProject
Project("{9A19103F-16F7-4668-BE54-9A1E7A4F7556}") = "UITranslationItalian", "UITranslationItalian\UITranslationItalian.csproj", "{2944C6CB-7E5E-4D0E-B2FC-4A81A8200176}"
EndProject
Project("{9A19103F-16F7-4668-BE54-9A1E7A4F7556}") = "SaveAutoSave", "SaveAutoSave\SaveAutoSave.csproj", "{EE0618BE-099B-4502-B19C-EC3228A5F310}"
EndProject
Project("{9A19103F-16F7-4668-BE54-9A1E7A4F7556}") = "UIDeconstructPreventAccidental", "UIDeconstructPreventAccidental\UIDeconstructPreventAccidental.csproj", "{AFBD5388-1D44-4F5C-83EE-6936B88399D9}"
EndProject
Project("{9A19103F-16F7-4668-BE54-9A1E7A4F7556}") = "CheatAutoLaunchRocket", "CheatAutoLaunchRocket\CheatAutoLaunchRocket.csproj", "{E141304B-7A5D-43F9-AE78-C87F6670C54B}"
EndProject
Project("{9A19103F-16F7-4668-BE54-9A1E7A4F7556}") = "UIOverviewPanel", "UIOverviewPanel\UIOverviewPanel.csproj", "{335F95F5-B1A9-40C9-BB17-ACFDC248A792}"
EndProject
Project("{9A19103F-16F7-4668-BE54-9A1E7A4F7556}") = "CheatAutoSequenceDNA", "CheatAutoSequenceDNA\CheatAutoSequenceDNA.csproj", "{590CCD56-D8D5-4DCF-8AE0-2179F91D89FF}"
EndProject
Project("{9A19103F-16F7-4668-BE54-9A1E7A4F7556}") = "FeatSpaceCows", "FeatSpaceCows\FeatSpaceCows.csproj", "{DC2E89F6-FF64-4176-98EE-12E098251C2B}"
EndProject
Project("{9A19103F-16F7-4668-BE54-9A1E7A4F7556}") = "FeatMinerDrone", "FeatMinerDrone\FeatMinerDrone.csproj", "{FC902282-98E7-491C-8284-E0DF6809FF3C}"
EndProject
Project("{9A19103F-16F7-4668-BE54-9A1E7A4F7556}") = "FeatCommandConsole", "FeatCommandConsole\FeatCommandConsole.csproj", "{AFFCE215-F5B2-4DDF-A4EA-9B26F6703569}"
EndProject
Project("{9A19103F-16F7-4668-BE54-9A1E7A4F7556}") = "UIMenuShortcutKeys", "UIMenuShortcutKeys\UIMenuShortcutKeys.csproj", "{BFB96635-BE59-4C4B-B7EC-25CDBCCD03EF}"
EndProject
Project("{9A19103F-16F7-4668-BE54-9A1E7A4F7556}") = "UIContinue", "UIContinue\UIContinue.csproj", "{F2DC302D-361E-4136-A93E-8AACB056C79C}"
EndProject
Project("{9A19103F-16F7-4668-BE54-9A1E7A4F7556}") = "PerfStartup", "PerfStartup\PerfStartup.csproj", "{BC8C497A-0EA2-4D49-BD87-BD9B9AE10046}"
EndProject
Project("{9A19103F-16F7-4668-BE54-9A1E7A4F7556}") = "SaveQuickSave", "SaveQuickSave\SaveQuickSave.csproj", "{94517F65-9BC6-41D6-B463-9FEC1445D516}"
EndProject
Project("{9A19103F-16F7-4668-BE54-9A1E7A4F7556}") = "UIShowCrash", "UIShowCrash\UIShowCrash.csproj", "{E11E5EFD-6890-42DD-AC20-EF97918999BA}"
EndProject
Project("{9A19103F-16F7-4668-BE54-9A1E7A4F7556}") = "FeatTechniciansExile", "FeatTechniciansExile\FeatTechniciansExile.csproj", "{2054C506-56D0-42CA-B289-FCBF30AF14D7}"
EndProject
Project("{9A19103F-16F7-4668-BE54-9A1E7A4F7556}") = "UIStackInRangeList", "UIStackInRangeList\UIStackInRangeList.csproj", "{8A9090D9-4472-49D1-A9EA-D54EF49C0D45}"
EndProject
Project("{9A19103F-16F7-4668-BE54-9A1E7A4F7556}") = "PerfMonitor", "PerfMonitor\PerfMonitor.csproj", "{5FE665F6-3522-45FA-A676-A55058A6E8D6}"
EndProject
Project("{9A19103F-16F7-4668-BE54-9A1E7A4F7556}") = "UITranslationRomanian", "UITranslationRomanian\UITranslationRomanian.csproj", "{07CB94BA-84F3-4651-8C0E-46220C367FCE}"
EndProject
Project("{9A19103F-16F7-4668-BE54-9A1E7A4F7556}") = "UIBeaconText", "UIBeaconText\UIBeaconText.csproj", "{2FF39F25-B3E7-4AC5-91C8-C9C079C06497}"
EndProject
Project("{9A19103F-16F7-4668-BE54-9A1E7A4F7556}") = "UITranslationCzech", "UITranslationCzech\UITranslationCzech.csproj", "{BCCB223D-8D00-413A-8600-DD21D3A95ED4}"
EndProject
Project("{9A19103F-16F7-4668-BE54-9A1E7A4F7556}") = "LibCommon", "LibCommon\LibCommon.csproj", "{404C0831-AA80-4258-A996-E41B00C54B8A}"
EndProject
Project("{9A19103F-16F7-4668-BE54-9A1E7A4F7556}") = "LathreyDisableBuildConstraints", "LathreyDisableBuildConstraints\LathreyDisableBuildConstraints.csproj", "{200488A8-2AC6-4B0A-94F8-C7C8E7939DCF}"
EndProject
Project("{9A19103F-16F7-4668-BE54-9A1E7A4F7556}") = "LathreyAutoMove", "LathreyAutoMove\LathreyAutoMove.csproj", "{E04F9891-6B94-4382-8BCC-2667D72DEC0B}"
EndProject
Project("{9A19103F-16F7-4668-BE54-9A1E7A4F7556}") = "UILogisticSelectAll", "UILogisticSelectAll\UILogisticSelectAll.csproj", "{E5B73C4E-ECAA-4B32-861A-9203E29E7BDF}"
EndProject
Project("{9A19103F-16F7-4668-BE54-9A1E7A4F7556}") = "MiscModEnabler", "MiscModEnabler\MiscModEnabler.csproj", "{559D08A0-683F-4EC1-AF14-07AFEBECD44A}"
EndProject
Project("{9A19103F-16F7-4668-BE54-9A1E7A4F7556}") = "CheatBirthday", "CheatBirthday\CheatBirthday.csproj", "{F7C9A557-6447-45EA-BCCD-18B95B553583}"
EndProject
Project("{9A19103F-16F7-4668-BE54-9A1E7A4F7556}") = "UIShowETA", "UIShowETA\UIShowETA.csproj", "{06D07BEE-AE51-4CE7-828A-EE1EA49A7013}"
EndProject
Global
	GlobalSection(SolutionConfigurationPlatforms) = preSolution
		Debug|Any CPU = Debug|Any CPU
		Release|Any CPU = Release|Any CPU
	EndGlobalSection
	GlobalSection(ProjectConfigurationPlatforms) = postSolution
		{971A0102-6B8F-4908-8B13-DA16B7B9D69A}.Debug|Any CPU.ActiveCfg = Debug|Any CPU
		{971A0102-6B8F-4908-8B13-DA16B7B9D69A}.Debug|Any CPU.Build.0 = Debug|Any CPU
		{971A0102-6B8F-4908-8B13-DA16B7B9D69A}.Release|Any CPU.ActiveCfg = Release|Any CPU
		{971A0102-6B8F-4908-8B13-DA16B7B9D69A}.Release|Any CPU.Build.0 = Release|Any CPU
		{C9A04484-8E33-4350-8476-2A37631D45F8}.Debug|Any CPU.ActiveCfg = Debug|Any CPU
		{C9A04484-8E33-4350-8476-2A37631D45F8}.Debug|Any CPU.Build.0 = Debug|Any CPU
		{C9A04484-8E33-4350-8476-2A37631D45F8}.Release|Any CPU.ActiveCfg = Release|Any CPU
		{C9A04484-8E33-4350-8476-2A37631D45F8}.Release|Any CPU.Build.0 = Release|Any CPU
		{166F3E68-4598-415A-9EBE-1D375CEA08A7}.Debug|Any CPU.ActiveCfg = Debug|Any CPU
		{166F3E68-4598-415A-9EBE-1D375CEA08A7}.Debug|Any CPU.Build.0 = Debug|Any CPU
		{166F3E68-4598-415A-9EBE-1D375CEA08A7}.Release|Any CPU.ActiveCfg = Release|Any CPU
		{166F3E68-4598-415A-9EBE-1D375CEA08A7}.Release|Any CPU.Build.0 = Release|Any CPU
		{FEE9D314-2432-42CD-B0FB-0046C0A0CCB7}.Debug|Any CPU.ActiveCfg = Debug|Any CPU
		{FEE9D314-2432-42CD-B0FB-0046C0A0CCB7}.Debug|Any CPU.Build.0 = Debug|Any CPU
		{FEE9D314-2432-42CD-B0FB-0046C0A0CCB7}.Release|Any CPU.ActiveCfg = Release|Any CPU
		{FEE9D314-2432-42CD-B0FB-0046C0A0CCB7}.Release|Any CPU.Build.0 = Release|Any CPU
		{8A194581-90E3-4EB1-A0EC-53898856EF7B}.Debug|Any CPU.ActiveCfg = Debug|Any CPU
		{8A194581-90E3-4EB1-A0EC-53898856EF7B}.Debug|Any CPU.Build.0 = Debug|Any CPU
		{8A194581-90E3-4EB1-A0EC-53898856EF7B}.Release|Any CPU.ActiveCfg = Release|Any CPU
		{8A194581-90E3-4EB1-A0EC-53898856EF7B}.Release|Any CPU.Build.0 = Release|Any CPU
		{43B6B631-BB9E-4F70-89C8-30C2342E7FA3}.Debug|Any CPU.ActiveCfg = Debug|Any CPU
		{43B6B631-BB9E-4F70-89C8-30C2342E7FA3}.Debug|Any CPU.Build.0 = Debug|Any CPU
		{43B6B631-BB9E-4F70-89C8-30C2342E7FA3}.Release|Any CPU.ActiveCfg = Release|Any CPU
		{43B6B631-BB9E-4F70-89C8-30C2342E7FA3}.Release|Any CPU.Build.0 = Release|Any CPU
		{290EF238-4052-40BB-B5D5-ED2482491810}.Debug|Any CPU.ActiveCfg = Debug|Any CPU
		{290EF238-4052-40BB-B5D5-ED2482491810}.Debug|Any CPU.Build.0 = Debug|Any CPU
		{290EF238-4052-40BB-B5D5-ED2482491810}.Release|Any CPU.ActiveCfg = Release|Any CPU
		{290EF238-4052-40BB-B5D5-ED2482491810}.Release|Any CPU.Build.0 = Release|Any CPU
		{10B39461-2449-4762-B763-E8216F51136C}.Debug|Any CPU.ActiveCfg = Debug|Any CPU
		{10B39461-2449-4762-B763-E8216F51136C}.Debug|Any CPU.Build.0 = Debug|Any CPU
		{10B39461-2449-4762-B763-E8216F51136C}.Release|Any CPU.ActiveCfg = Release|Any CPU
		{10B39461-2449-4762-B763-E8216F51136C}.Release|Any CPU.Build.0 = Release|Any CPU
		{8A976BE2-3526-452D-918F-839227623F5D}.Debug|Any CPU.ActiveCfg = Debug|Any CPU
		{8A976BE2-3526-452D-918F-839227623F5D}.Debug|Any CPU.Build.0 = Debug|Any CPU
		{8A976BE2-3526-452D-918F-839227623F5D}.Release|Any CPU.ActiveCfg = Release|Any CPU
		{8A976BE2-3526-452D-918F-839227623F5D}.Release|Any CPU.Build.0 = Release|Any CPU
		{508805BE-5641-4F68-A7A1-4CB87594AAD1}.Debug|Any CPU.ActiveCfg = Debug|Any CPU
		{508805BE-5641-4F68-A7A1-4CB87594AAD1}.Debug|Any CPU.Build.0 = Debug|Any CPU
		{508805BE-5641-4F68-A7A1-4CB87594AAD1}.Release|Any CPU.ActiveCfg = Release|Any CPU
		{508805BE-5641-4F68-A7A1-4CB87594AAD1}.Release|Any CPU.Build.0 = Release|Any CPU
		{1B933605-EBA4-4649-8FDF-ECEA821A280E}.Debug|Any CPU.ActiveCfg = Debug|Any CPU
		{1B933605-EBA4-4649-8FDF-ECEA821A280E}.Debug|Any CPU.Build.0 = Debug|Any CPU
		{1B933605-EBA4-4649-8FDF-ECEA821A280E}.Release|Any CPU.ActiveCfg = Release|Any CPU
		{1B933605-EBA4-4649-8FDF-ECEA821A280E}.Release|Any CPU.Build.0 = Release|Any CPU
		{F7BE212F-A52F-4CF9-9583-D15454066993}.Debug|Any CPU.ActiveCfg = Debug|Any CPU
		{F7BE212F-A52F-4CF9-9583-D15454066993}.Debug|Any CPU.Build.0 = Debug|Any CPU
		{F7BE212F-A52F-4CF9-9583-D15454066993}.Release|Any CPU.ActiveCfg = Release|Any CPU
		{F7BE212F-A52F-4CF9-9583-D15454066993}.Release|Any CPU.Build.0 = Release|Any CPU
		{5618B128-92E8-418F-894B-F0C359091038}.Debug|Any CPU.ActiveCfg = Debug|Any CPU
		{5618B128-92E8-418F-894B-F0C359091038}.Debug|Any CPU.Build.0 = Debug|Any CPU
		{5618B128-92E8-418F-894B-F0C359091038}.Release|Any CPU.ActiveCfg = Release|Any CPU
		{5618B128-92E8-418F-894B-F0C359091038}.Release|Any CPU.Build.0 = Release|Any CPU
		{D92BDB0B-1765-4D48-988C-68539CA557C3}.Debug|Any CPU.ActiveCfg = Debug|Any CPU
		{D92BDB0B-1765-4D48-988C-68539CA557C3}.Debug|Any CPU.Build.0 = Debug|Any CPU
		{D92BDB0B-1765-4D48-988C-68539CA557C3}.Release|Any CPU.ActiveCfg = Release|Any CPU
		{D92BDB0B-1765-4D48-988C-68539CA557C3}.Release|Any CPU.Build.0 = Release|Any CPU
		{60435D27-3430-4837-830F-0BFD126D07E6}.Debug|Any CPU.ActiveCfg = Debug|Any CPU
		{60435D27-3430-4837-830F-0BFD126D07E6}.Debug|Any CPU.Build.0 = Debug|Any CPU
		{60435D27-3430-4837-830F-0BFD126D07E6}.Release|Any CPU.ActiveCfg = Release|Any CPU
		{60435D27-3430-4837-830F-0BFD126D07E6}.Release|Any CPU.Build.0 = Release|Any CPU
		{DD897306-702F-4DA1-A1D8-020CBD4360B4}.Debug|Any CPU.ActiveCfg = Debug|Any CPU
		{DD897306-702F-4DA1-A1D8-020CBD4360B4}.Debug|Any CPU.Build.0 = Debug|Any CPU
		{DD897306-702F-4DA1-A1D8-020CBD4360B4}.Release|Any CPU.ActiveCfg = Release|Any CPU
		{DD897306-702F-4DA1-A1D8-020CBD4360B4}.Release|Any CPU.Build.0 = Release|Any CPU
		{0F9F35E2-F9A0-4D51-A459-B381F6D63295}.Debug|Any CPU.ActiveCfg = Debug|Any CPU
		{0F9F35E2-F9A0-4D51-A459-B381F6D63295}.Debug|Any CPU.Build.0 = Debug|Any CPU
		{0F9F35E2-F9A0-4D51-A459-B381F6D63295}.Release|Any CPU.ActiveCfg = Release|Any CPU
		{0F9F35E2-F9A0-4D51-A459-B381F6D63295}.Release|Any CPU.Build.0 = Release|Any CPU
		{8B938DFE-E804-47F6-AEE0-2F88405BBA3E}.Debug|Any CPU.ActiveCfg = Debug|Any CPU
		{8B938DFE-E804-47F6-AEE0-2F88405BBA3E}.Debug|Any CPU.Build.0 = Debug|Any CPU
		{8B938DFE-E804-47F6-AEE0-2F88405BBA3E}.Release|Any CPU.ActiveCfg = Release|Any CPU
		{8B938DFE-E804-47F6-AEE0-2F88405BBA3E}.Release|Any CPU.Build.0 = Release|Any CPU
		{99714257-AC6F-4EE3-8321-713808D00B93}.Debug|Any CPU.ActiveCfg = Debug|Any CPU
		{99714257-AC6F-4EE3-8321-713808D00B93}.Debug|Any CPU.Build.0 = Debug|Any CPU
		{99714257-AC6F-4EE3-8321-713808D00B93}.Release|Any CPU.ActiveCfg = Release|Any CPU
		{99714257-AC6F-4EE3-8321-713808D00B93}.Release|Any CPU.Build.0 = Release|Any CPU
		{B38DD082-BCBF-4A0B-8EFC-3095F1FC9496}.Debug|Any CPU.ActiveCfg = Debug|Any CPU
		{B38DD082-BCBF-4A0B-8EFC-3095F1FC9496}.Debug|Any CPU.Build.0 = Debug|Any CPU
		{B38DD082-BCBF-4A0B-8EFC-3095F1FC9496}.Release|Any CPU.ActiveCfg = Release|Any CPU
		{B38DD082-BCBF-4A0B-8EFC-3095F1FC9496}.Release|Any CPU.Build.0 = Release|Any CPU
		{3C36EA70-9B21-45D8-B4F1-4C3A060353D6}.Debug|Any CPU.ActiveCfg = Debug|Any CPU
		{3C36EA70-9B21-45D8-B4F1-4C3A060353D6}.Debug|Any CPU.Build.0 = Debug|Any CPU
		{3C36EA70-9B21-45D8-B4F1-4C3A060353D6}.Release|Any CPU.ActiveCfg = Release|Any CPU
		{3C36EA70-9B21-45D8-B4F1-4C3A060353D6}.Release|Any CPU.Build.0 = Release|Any CPU
		{BC1EDA7A-D821-49AA-80CD-DFA0AFEB9EFD}.Debug|Any CPU.ActiveCfg = Debug|Any CPU
		{BC1EDA7A-D821-49AA-80CD-DFA0AFEB9EFD}.Debug|Any CPU.Build.0 = Debug|Any CPU
		{BC1EDA7A-D821-49AA-80CD-DFA0AFEB9EFD}.Release|Any CPU.ActiveCfg = Release|Any CPU
		{BC1EDA7A-D821-49AA-80CD-DFA0AFEB9EFD}.Release|Any CPU.Build.0 = Release|Any CPU
		{35F92E38-E5CD-490D-8A11-D9970A3003B0}.Debug|Any CPU.ActiveCfg = Debug|Any CPU
		{35F92E38-E5CD-490D-8A11-D9970A3003B0}.Debug|Any CPU.Build.0 = Debug|Any CPU
		{35F92E38-E5CD-490D-8A11-D9970A3003B0}.Release|Any CPU.ActiveCfg = Release|Any CPU
		{35F92E38-E5CD-490D-8A11-D9970A3003B0}.Release|Any CPU.Build.0 = Release|Any CPU
		{2252A7D3-9E04-4C43-9512-1BD40AB594BC}.Debug|Any CPU.ActiveCfg = Debug|Any CPU
		{2252A7D3-9E04-4C43-9512-1BD40AB594BC}.Debug|Any CPU.Build.0 = Debug|Any CPU
		{2252A7D3-9E04-4C43-9512-1BD40AB594BC}.Release|Any CPU.ActiveCfg = Release|Any CPU
		{2252A7D3-9E04-4C43-9512-1BD40AB594BC}.Release|Any CPU.Build.0 = Release|Any CPU
		{0E2D77A6-B995-449B-8B8F-0A273F750453}.Debug|Any CPU.ActiveCfg = Debug|Any CPU
		{0E2D77A6-B995-449B-8B8F-0A273F750453}.Debug|Any CPU.Build.0 = Debug|Any CPU
		{0E2D77A6-B995-449B-8B8F-0A273F750453}.Release|Any CPU.ActiveCfg = Release|Any CPU
		{0E2D77A6-B995-449B-8B8F-0A273F750453}.Release|Any CPU.Build.0 = Release|Any CPU
		{19618F76-1076-4CE2-96AD-F41E734CAA11}.Debug|Any CPU.ActiveCfg = Debug|Any CPU
		{19618F76-1076-4CE2-96AD-F41E734CAA11}.Debug|Any CPU.Build.0 = Debug|Any CPU
		{19618F76-1076-4CE2-96AD-F41E734CAA11}.Release|Any CPU.ActiveCfg = Release|Any CPU
		{19618F76-1076-4CE2-96AD-F41E734CAA11}.Release|Any CPU.Build.0 = Release|Any CPU
		{EE0AC7E1-E6D0-4F1A-98D4-A335CF344B06}.Debug|Any CPU.ActiveCfg = Debug|Any CPU
		{EE0AC7E1-E6D0-4F1A-98D4-A335CF344B06}.Debug|Any CPU.Build.0 = Debug|Any CPU
		{EE0AC7E1-E6D0-4F1A-98D4-A335CF344B06}.Release|Any CPU.ActiveCfg = Release|Any CPU
		{EE0AC7E1-E6D0-4F1A-98D4-A335CF344B06}.Release|Any CPU.Build.0 = Release|Any CPU
		{B617263B-AEA5-4109-BBC8-534E3E75132A}.Debug|Any CPU.ActiveCfg = Debug|Any CPU
		{B617263B-AEA5-4109-BBC8-534E3E75132A}.Debug|Any CPU.Build.0 = Debug|Any CPU
		{B617263B-AEA5-4109-BBC8-534E3E75132A}.Release|Any CPU.ActiveCfg = Release|Any CPU
		{B617263B-AEA5-4109-BBC8-534E3E75132A}.Release|Any CPU.Build.0 = Release|Any CPU
		{1C8D9018-2224-464A-AF29-FFB38EB219F2}.Debug|Any CPU.ActiveCfg = Debug|Any CPU
		{1C8D9018-2224-464A-AF29-FFB38EB219F2}.Debug|Any CPU.Build.0 = Debug|Any CPU
		{1C8D9018-2224-464A-AF29-FFB38EB219F2}.Release|Any CPU.ActiveCfg = Release|Any CPU
		{1C8D9018-2224-464A-AF29-FFB38EB219F2}.Release|Any CPU.Build.0 = Release|Any CPU
		{8F4EAAAB-E174-4C8C-ADD3-99496750D7EA}.Debug|Any CPU.ActiveCfg = Debug|Any CPU
		{8F4EAAAB-E174-4C8C-ADD3-99496750D7EA}.Debug|Any CPU.Build.0 = Debug|Any CPU
		{8F4EAAAB-E174-4C8C-ADD3-99496750D7EA}.Release|Any CPU.ActiveCfg = Release|Any CPU
		{8F4EAAAB-E174-4C8C-ADD3-99496750D7EA}.Release|Any CPU.Build.0 = Release|Any CPU
		{40421934-73B7-4A47-9CE0-477353F1C3FB}.Debug|Any CPU.ActiveCfg = Debug|Any CPU
		{40421934-73B7-4A47-9CE0-477353F1C3FB}.Debug|Any CPU.Build.0 = Debug|Any CPU
		{40421934-73B7-4A47-9CE0-477353F1C3FB}.Release|Any CPU.ActiveCfg = Release|Any CPU
		{40421934-73B7-4A47-9CE0-477353F1C3FB}.Release|Any CPU.Build.0 = Release|Any CPU
		{D27420E1-447E-4AC9-97C1-48B6A8C24940}.Debug|Any CPU.ActiveCfg = Debug|Any CPU
		{D27420E1-447E-4AC9-97C1-48B6A8C24940}.Debug|Any CPU.Build.0 = Debug|Any CPU
		{D27420E1-447E-4AC9-97C1-48B6A8C24940}.Release|Any CPU.ActiveCfg = Release|Any CPU
		{D27420E1-447E-4AC9-97C1-48B6A8C24940}.Release|Any CPU.Build.0 = Release|Any CPU
		{5EB33AFF-D26B-49B8-A2A2-F0B638DD079C}.Debug|Any CPU.ActiveCfg = Debug|Any CPU
		{5EB33AFF-D26B-49B8-A2A2-F0B638DD079C}.Debug|Any CPU.Build.0 = Debug|Any CPU
		{5EB33AFF-D26B-49B8-A2A2-F0B638DD079C}.Release|Any CPU.ActiveCfg = Release|Any CPU
		{5EB33AFF-D26B-49B8-A2A2-F0B638DD079C}.Release|Any CPU.Build.0 = Release|Any CPU
		{7B762CCD-8B76-49C6-B5F9-0790EF9A42D5}.Debug|Any CPU.ActiveCfg = Debug|Any CPU
		{7B762CCD-8B76-49C6-B5F9-0790EF9A42D5}.Debug|Any CPU.Build.0 = Debug|Any CPU
		{7B762CCD-8B76-49C6-B5F9-0790EF9A42D5}.Release|Any CPU.ActiveCfg = Release|Any CPU
		{7B762CCD-8B76-49C6-B5F9-0790EF9A42D5}.Release|Any CPU.Build.0 = Release|Any CPU
		{30903A9F-7E6B-4C0E-85EE-56F27311A472}.Debug|Any CPU.ActiveCfg = Debug|Any CPU
		{30903A9F-7E6B-4C0E-85EE-56F27311A472}.Debug|Any CPU.Build.0 = Debug|Any CPU
		{30903A9F-7E6B-4C0E-85EE-56F27311A472}.Release|Any CPU.ActiveCfg = Release|Any CPU
		{30903A9F-7E6B-4C0E-85EE-56F27311A472}.Release|Any CPU.Build.0 = Release|Any CPU
		{2944C6CB-7E5E-4D0E-B2FC-4A81A8200176}.Debug|Any CPU.ActiveCfg = Debug|Any CPU
		{2944C6CB-7E5E-4D0E-B2FC-4A81A8200176}.Debug|Any CPU.Build.0 = Debug|Any CPU
		{2944C6CB-7E5E-4D0E-B2FC-4A81A8200176}.Release|Any CPU.ActiveCfg = Release|Any CPU
		{2944C6CB-7E5E-4D0E-B2FC-4A81A8200176}.Release|Any CPU.Build.0 = Release|Any CPU
		{EE0618BE-099B-4502-B19C-EC3228A5F310}.Debug|Any CPU.ActiveCfg = Debug|Any CPU
		{EE0618BE-099B-4502-B19C-EC3228A5F310}.Debug|Any CPU.Build.0 = Debug|Any CPU
		{EE0618BE-099B-4502-B19C-EC3228A5F310}.Release|Any CPU.ActiveCfg = Release|Any CPU
		{EE0618BE-099B-4502-B19C-EC3228A5F310}.Release|Any CPU.Build.0 = Release|Any CPU
		{AFBD5388-1D44-4F5C-83EE-6936B88399D9}.Debug|Any CPU.ActiveCfg = Debug|Any CPU
		{AFBD5388-1D44-4F5C-83EE-6936B88399D9}.Debug|Any CPU.Build.0 = Debug|Any CPU
		{AFBD5388-1D44-4F5C-83EE-6936B88399D9}.Release|Any CPU.ActiveCfg = Release|Any CPU
		{AFBD5388-1D44-4F5C-83EE-6936B88399D9}.Release|Any CPU.Build.0 = Release|Any CPU
		{E141304B-7A5D-43F9-AE78-C87F6670C54B}.Debug|Any CPU.ActiveCfg = Debug|Any CPU
		{E141304B-7A5D-43F9-AE78-C87F6670C54B}.Debug|Any CPU.Build.0 = Debug|Any CPU
		{E141304B-7A5D-43F9-AE78-C87F6670C54B}.Release|Any CPU.ActiveCfg = Release|Any CPU
		{E141304B-7A5D-43F9-AE78-C87F6670C54B}.Release|Any CPU.Build.0 = Release|Any CPU
		{335F95F5-B1A9-40C9-BB17-ACFDC248A792}.Debug|Any CPU.ActiveCfg = Debug|Any CPU
		{335F95F5-B1A9-40C9-BB17-ACFDC248A792}.Debug|Any CPU.Build.0 = Debug|Any CPU
		{335F95F5-B1A9-40C9-BB17-ACFDC248A792}.Release|Any CPU.ActiveCfg = Release|Any CPU
		{335F95F5-B1A9-40C9-BB17-ACFDC248A792}.Release|Any CPU.Build.0 = Release|Any CPU
		{590CCD56-D8D5-4DCF-8AE0-2179F91D89FF}.Debug|Any CPU.ActiveCfg = Debug|Any CPU
		{590CCD56-D8D5-4DCF-8AE0-2179F91D89FF}.Debug|Any CPU.Build.0 = Debug|Any CPU
		{590CCD56-D8D5-4DCF-8AE0-2179F91D89FF}.Release|Any CPU.ActiveCfg = Release|Any CPU
		{590CCD56-D8D5-4DCF-8AE0-2179F91D89FF}.Release|Any CPU.Build.0 = Release|Any CPU
		{DC2E89F6-FF64-4176-98EE-12E098251C2B}.Debug|Any CPU.ActiveCfg = Debug|Any CPU
		{DC2E89F6-FF64-4176-98EE-12E098251C2B}.Debug|Any CPU.Build.0 = Debug|Any CPU
		{DC2E89F6-FF64-4176-98EE-12E098251C2B}.Release|Any CPU.ActiveCfg = Release|Any CPU
		{DC2E89F6-FF64-4176-98EE-12E098251C2B}.Release|Any CPU.Build.0 = Release|Any CPU
		{FC902282-98E7-491C-8284-E0DF6809FF3C}.Debug|Any CPU.ActiveCfg = Debug|Any CPU
		{FC902282-98E7-491C-8284-E0DF6809FF3C}.Debug|Any CPU.Build.0 = Debug|Any CPU
		{FC902282-98E7-491C-8284-E0DF6809FF3C}.Release|Any CPU.ActiveCfg = Release|Any CPU
		{FC902282-98E7-491C-8284-E0DF6809FF3C}.Release|Any CPU.Build.0 = Release|Any CPU
		{AFFCE215-F5B2-4DDF-A4EA-9B26F6703569}.Debug|Any CPU.ActiveCfg = Debug|Any CPU
		{AFFCE215-F5B2-4DDF-A4EA-9B26F6703569}.Debug|Any CPU.Build.0 = Debug|Any CPU
		{AFFCE215-F5B2-4DDF-A4EA-9B26F6703569}.Release|Any CPU.ActiveCfg = Release|Any CPU
		{AFFCE215-F5B2-4DDF-A4EA-9B26F6703569}.Release|Any CPU.Build.0 = Release|Any CPU
		{BFB96635-BE59-4C4B-B7EC-25CDBCCD03EF}.Debug|Any CPU.ActiveCfg = Debug|Any CPU
		{BFB96635-BE59-4C4B-B7EC-25CDBCCD03EF}.Debug|Any CPU.Build.0 = Debug|Any CPU
		{BFB96635-BE59-4C4B-B7EC-25CDBCCD03EF}.Release|Any CPU.ActiveCfg = Release|Any CPU
		{BFB96635-BE59-4C4B-B7EC-25CDBCCD03EF}.Release|Any CPU.Build.0 = Release|Any CPU
		{F2DC302D-361E-4136-A93E-8AACB056C79C}.Debug|Any CPU.ActiveCfg = Debug|Any CPU
		{F2DC302D-361E-4136-A93E-8AACB056C79C}.Debug|Any CPU.Build.0 = Debug|Any CPU
		{F2DC302D-361E-4136-A93E-8AACB056C79C}.Release|Any CPU.ActiveCfg = Release|Any CPU
		{F2DC302D-361E-4136-A93E-8AACB056C79C}.Release|Any CPU.Build.0 = Release|Any CPU
		{BC8C497A-0EA2-4D49-BD87-BD9B9AE10046}.Debug|Any CPU.ActiveCfg = Debug|Any CPU
		{BC8C497A-0EA2-4D49-BD87-BD9B9AE10046}.Debug|Any CPU.Build.0 = Debug|Any CPU
		{BC8C497A-0EA2-4D49-BD87-BD9B9AE10046}.Release|Any CPU.ActiveCfg = Release|Any CPU
		{BC8C497A-0EA2-4D49-BD87-BD9B9AE10046}.Release|Any CPU.Build.0 = Release|Any CPU
		{94517F65-9BC6-41D6-B463-9FEC1445D516}.Debug|Any CPU.ActiveCfg = Debug|Any CPU
		{94517F65-9BC6-41D6-B463-9FEC1445D516}.Debug|Any CPU.Build.0 = Debug|Any CPU
		{94517F65-9BC6-41D6-B463-9FEC1445D516}.Release|Any CPU.ActiveCfg = Release|Any CPU
		{94517F65-9BC6-41D6-B463-9FEC1445D516}.Release|Any CPU.Build.0 = Release|Any CPU
		{E11E5EFD-6890-42DD-AC20-EF97918999BA}.Debug|Any CPU.ActiveCfg = Debug|Any CPU
		{E11E5EFD-6890-42DD-AC20-EF97918999BA}.Debug|Any CPU.Build.0 = Debug|Any CPU
		{E11E5EFD-6890-42DD-AC20-EF97918999BA}.Release|Any CPU.ActiveCfg = Release|Any CPU
		{E11E5EFD-6890-42DD-AC20-EF97918999BA}.Release|Any CPU.Build.0 = Release|Any CPU
		{2054C506-56D0-42CA-B289-FCBF30AF14D7}.Debug|Any CPU.ActiveCfg = Debug|Any CPU
		{2054C506-56D0-42CA-B289-FCBF30AF14D7}.Debug|Any CPU.Build.0 = Debug|Any CPU
		{2054C506-56D0-42CA-B289-FCBF30AF14D7}.Release|Any CPU.ActiveCfg = Release|Any CPU
		{2054C506-56D0-42CA-B289-FCBF30AF14D7}.Release|Any CPU.Build.0 = Release|Any CPU
		{8A9090D9-4472-49D1-A9EA-D54EF49C0D45}.Debug|Any CPU.ActiveCfg = Debug|Any CPU
		{8A9090D9-4472-49D1-A9EA-D54EF49C0D45}.Debug|Any CPU.Build.0 = Debug|Any CPU
		{8A9090D9-4472-49D1-A9EA-D54EF49C0D45}.Release|Any CPU.ActiveCfg = Release|Any CPU
		{8A9090D9-4472-49D1-A9EA-D54EF49C0D45}.Release|Any CPU.Build.0 = Release|Any CPU
		{5FE665F6-3522-45FA-A676-A55058A6E8D6}.Debug|Any CPU.ActiveCfg = Debug|Any CPU
		{5FE665F6-3522-45FA-A676-A55058A6E8D6}.Debug|Any CPU.Build.0 = Debug|Any CPU
		{5FE665F6-3522-45FA-A676-A55058A6E8D6}.Release|Any CPU.ActiveCfg = Release|Any CPU
		{5FE665F6-3522-45FA-A676-A55058A6E8D6}.Release|Any CPU.Build.0 = Release|Any CPU
		{07CB94BA-84F3-4651-8C0E-46220C367FCE}.Debug|Any CPU.ActiveCfg = Debug|Any CPU
		{07CB94BA-84F3-4651-8C0E-46220C367FCE}.Debug|Any CPU.Build.0 = Debug|Any CPU
		{07CB94BA-84F3-4651-8C0E-46220C367FCE}.Release|Any CPU.ActiveCfg = Release|Any CPU
		{07CB94BA-84F3-4651-8C0E-46220C367FCE}.Release|Any CPU.Build.0 = Release|Any CPU
		{2FF39F25-B3E7-4AC5-91C8-C9C079C06497}.Debug|Any CPU.ActiveCfg = Debug|Any CPU
		{2FF39F25-B3E7-4AC5-91C8-C9C079C06497}.Debug|Any CPU.Build.0 = Debug|Any CPU
		{2FF39F25-B3E7-4AC5-91C8-C9C079C06497}.Release|Any CPU.ActiveCfg = Release|Any CPU
		{2FF39F25-B3E7-4AC5-91C8-C9C079C06497}.Release|Any CPU.Build.0 = Release|Any CPU
		{BCCB223D-8D00-413A-8600-DD21D3A95ED4}.Debug|Any CPU.ActiveCfg = Debug|Any CPU
		{BCCB223D-8D00-413A-8600-DD21D3A95ED4}.Debug|Any CPU.Build.0 = Debug|Any CPU
		{BCCB223D-8D00-413A-8600-DD21D3A95ED4}.Release|Any CPU.ActiveCfg = Release|Any CPU
		{BCCB223D-8D00-413A-8600-DD21D3A95ED4}.Release|Any CPU.Build.0 = Release|Any CPU
		{404C0831-AA80-4258-A996-E41B00C54B8A}.Debug|Any CPU.ActiveCfg = Debug|Any CPU
		{404C0831-AA80-4258-A996-E41B00C54B8A}.Debug|Any CPU.Build.0 = Debug|Any CPU
		{404C0831-AA80-4258-A996-E41B00C54B8A}.Release|Any CPU.ActiveCfg = Release|Any CPU
		{404C0831-AA80-4258-A996-E41B00C54B8A}.Release|Any CPU.Build.0 = Release|Any CPU
		{200488A8-2AC6-4B0A-94F8-C7C8E7939DCF}.Debug|Any CPU.ActiveCfg = Debug|Any CPU
		{200488A8-2AC6-4B0A-94F8-C7C8E7939DCF}.Debug|Any CPU.Build.0 = Debug|Any CPU
		{200488A8-2AC6-4B0A-94F8-C7C8E7939DCF}.Release|Any CPU.ActiveCfg = Release|Any CPU
		{200488A8-2AC6-4B0A-94F8-C7C8E7939DCF}.Release|Any CPU.Build.0 = Release|Any CPU
		{E04F9891-6B94-4382-8BCC-2667D72DEC0B}.Debug|Any CPU.ActiveCfg = Debug|Any CPU
		{E04F9891-6B94-4382-8BCC-2667D72DEC0B}.Debug|Any CPU.Build.0 = Debug|Any CPU
		{E04F9891-6B94-4382-8BCC-2667D72DEC0B}.Release|Any CPU.ActiveCfg = Release|Any CPU
		{E04F9891-6B94-4382-8BCC-2667D72DEC0B}.Release|Any CPU.Build.0 = Release|Any CPU
		{E5B73C4E-ECAA-4B32-861A-9203E29E7BDF}.Debug|Any CPU.ActiveCfg = Debug|Any CPU
		{E5B73C4E-ECAA-4B32-861A-9203E29E7BDF}.Debug|Any CPU.Build.0 = Debug|Any CPU
		{E5B73C4E-ECAA-4B32-861A-9203E29E7BDF}.Release|Any CPU.ActiveCfg = Release|Any CPU
		{E5B73C4E-ECAA-4B32-861A-9203E29E7BDF}.Release|Any CPU.Build.0 = Release|Any CPU
		{559D08A0-683F-4EC1-AF14-07AFEBECD44A}.Debug|Any CPU.ActiveCfg = Debug|Any CPU
		{559D08A0-683F-4EC1-AF14-07AFEBECD44A}.Debug|Any CPU.Build.0 = Debug|Any CPU
		{559D08A0-683F-4EC1-AF14-07AFEBECD44A}.Release|Any CPU.ActiveCfg = Release|Any CPU
		{559D08A0-683F-4EC1-AF14-07AFEBECD44A}.Release|Any CPU.Build.0 = Release|Any CPU
		{F7C9A557-6447-45EA-BCCD-18B95B553583}.Debug|Any CPU.ActiveCfg = Debug|Any CPU
		{F7C9A557-6447-45EA-BCCD-18B95B553583}.Debug|Any CPU.Build.0 = Debug|Any CPU
		{F7C9A557-6447-45EA-BCCD-18B95B553583}.Release|Any CPU.ActiveCfg = Release|Any CPU
		{F7C9A557-6447-45EA-BCCD-18B95B553583}.Release|Any CPU.Build.0 = Release|Any CPU
		{06D07BEE-AE51-4CE7-828A-EE1EA49A7013}.Debug|Any CPU.ActiveCfg = Debug|Any CPU
		{06D07BEE-AE51-4CE7-828A-EE1EA49A7013}.Debug|Any CPU.Build.0 = Debug|Any CPU
		{06D07BEE-AE51-4CE7-828A-EE1EA49A7013}.Release|Any CPU.ActiveCfg = Release|Any CPU
		{06D07BEE-AE51-4CE7-828A-EE1EA49A7013}.Release|Any CPU.Build.0 = Release|Any CPU
	EndGlobalSection
	GlobalSection(SolutionProperties) = preSolution
		HideSolutionNode = FALSE
	EndGlobalSection
	GlobalSection(ExtensibilityGlobals) = postSolution
		SolutionGuid = {D3A62149-158E-4F2A-9040-2EBCC41D92AC}
	EndGlobalSection
EndGlobal
