
Microsoft Visual Studio Solution File, Format Version 12.00
# Visual Studio Version 17
VisualStudioVersion = 17.1.32328.378
MinimumVisualStudioVersion = 10.0.40219.1
Project("{9A19103F-16F7-4668-BE54-9A1E7A4F7556}") = "CheatNearbyResourcesHighlight", "CheatNearbyResourcesHighlight\CheatNearbyResourcesHighlight.csproj", "{971A0102-6B8F-4908-8B13-DA16B7B9D69A}"
EndProject
Project("{9A19103F-16F7-4668-BE54-9A1E7A4F7556}") = "UICustomInventorySortAll", "UICustomInventorySortAll\UICustomInventorySortAll.csproj", "{C9A04484-8E33-4350-8476-2A37631D45F8}"
EndProject
Project("{9A19103F-16F7-4668-BE54-9A1E7A4F7556}") = "UIInventoryMoveMultiple", "UIInventoryMoveMultiple\UIInventoryMoveMultiple.csproj", "{166F3E68-4598-415A-9EBE-1D375CEA08A7}"
EndProject
Project("{9A19103F-16F7-4668-BE54-9A1E7A4F7556}") = "UIDontCloseCraftWindow", "UIDontCloseCraftWindow\UIDontCloseCraftWindow.csproj", "{FEE9D314-2432-42CD-B0FB-0046C0A0CCB7}"
EndProject
Project("{9A19103F-16F7-4668-BE54-9A1E7A4F7556}") = "UIShowPlayerInventoryCount", "UIShowPlayerInventoryCount\UIShowPlayerInventoryCount.csproj", "{8A194581-90E3-4EB1-A0EC-53898856EF7B}"
EndProject
Project("{9A19103F-16F7-4668-BE54-9A1E7A4F7556}") = "UIShowContainerInfo", "UIShowContainerInfo\UIShowContainerInfo.csproj", "{43B6B631-BB9E-4F70-89C8-30C2342E7FA3}"
EndProject
Project("{9A19103F-16F7-4668-BE54-9A1E7A4F7556}") = "UIShowRocketCount", "UIShowRocketCount\UIShowRocketCount.csproj", "{290EF238-4052-40BB-B5D5-ED2482491810}"
EndProject
Project("{9A19103F-16F7-4668-BE54-9A1E7A4F7556}") = "UIShowPlayerTooltipItemCount", "UIShowPlayerTooltipItemCount\UIShowPlayerTooltipItemCount.csproj", "{10B39461-2449-4762-B763-E8216F51136C}"
EndProject
Project("{9A19103F-16F7-4668-BE54-9A1E7A4F7556}") = "PerfLoadInventoriesFaster", "PerfLoadInventoriesFaster\PerfLoadInventoriesFaster.csproj", "{CCD9FC98-40D1-4EA7-8925-C2CE1B140D0A}"
EndProject
Project("{9A19103F-16F7-4668-BE54-9A1E7A4F7556}") = "UIPhotomodeHideBeacons", "UIPhotomodeHideBeacons\UIPhotomodeHideBeacons.csproj", "{AE0F6743-7EF5-4722-A4F0-BFFD780E7751}"
EndProject
Project("{9A19103F-16F7-4668-BE54-9A1E7A4F7556}") = "UIGrowerGrabVegetableOnly", "UIGrowerGrabVegetableOnly\UIGrowerGrabVegetableOnly.csproj", "{6DC2E508-AB06-463C-AAD4-266E61F9F395}"
EndProject
Global
	GlobalSection(SolutionConfigurationPlatforms) = preSolution
		Debug|Any CPU = Debug|Any CPU
		Release|Any CPU = Release|Any CPU
	EndGlobalSection
	GlobalSection(ProjectConfigurationPlatforms) = postSolution
		{971A0102-6B8F-4908-8B13-DA16B7B9D69A}.Debug|Any CPU.ActiveCfg = Debug|Any CPU
		{971A0102-6B8F-4908-8B13-DA16B7B9D69A}.Debug|Any CPU.Build.0 = Debug|Any CPU
		{971A0102-6B8F-4908-8B13-DA16B7B9D69A}.Release|Any CPU.ActiveCfg = Release|Any CPU
		{971A0102-6B8F-4908-8B13-DA16B7B9D69A}.Release|Any CPU.Build.0 = Release|Any CPU
		{C9A04484-8E33-4350-8476-2A37631D45F8}.Debug|Any CPU.ActiveCfg = Debug|Any CPU
		{C9A04484-8E33-4350-8476-2A37631D45F8}.Debug|Any CPU.Build.0 = Debug|Any CPU
		{C9A04484-8E33-4350-8476-2A37631D45F8}.Release|Any CPU.ActiveCfg = Release|Any CPU
		{C9A04484-8E33-4350-8476-2A37631D45F8}.Release|Any CPU.Build.0 = Release|Any CPU
		{166F3E68-4598-415A-9EBE-1D375CEA08A7}.Debug|Any CPU.ActiveCfg = Debug|Any CPU
		{166F3E68-4598-415A-9EBE-1D375CEA08A7}.Debug|Any CPU.Build.0 = Debug|Any CPU
		{166F3E68-4598-415A-9EBE-1D375CEA08A7}.Release|Any CPU.ActiveCfg = Release|Any CPU
		{166F3E68-4598-415A-9EBE-1D375CEA08A7}.Release|Any CPU.Build.0 = Release|Any CPU
		{FEE9D314-2432-42CD-B0FB-0046C0A0CCB7}.Debug|Any CPU.ActiveCfg = Debug|Any CPU
		{FEE9D314-2432-42CD-B0FB-0046C0A0CCB7}.Debug|Any CPU.Build.0 = Debug|Any CPU
		{FEE9D314-2432-42CD-B0FB-0046C0A0CCB7}.Release|Any CPU.ActiveCfg = Release|Any CPU
		{FEE9D314-2432-42CD-B0FB-0046C0A0CCB7}.Release|Any CPU.Build.0 = Release|Any CPU
		{8A194581-90E3-4EB1-A0EC-53898856EF7B}.Debug|Any CPU.ActiveCfg = Debug|Any CPU
		{8A194581-90E3-4EB1-A0EC-53898856EF7B}.Debug|Any CPU.Build.0 = Debug|Any CPU
		{8A194581-90E3-4EB1-A0EC-53898856EF7B}.Release|Any CPU.ActiveCfg = Release|Any CPU
		{8A194581-90E3-4EB1-A0EC-53898856EF7B}.Release|Any CPU.Build.0 = Release|Any CPU
		{43B6B631-BB9E-4F70-89C8-30C2342E7FA3}.Debug|Any CPU.ActiveCfg = Debug|Any CPU
		{43B6B631-BB9E-4F70-89C8-30C2342E7FA3}.Debug|Any CPU.Build.0 = Debug|Any CPU
		{43B6B631-BB9E-4F70-89C8-30C2342E7FA3}.Release|Any CPU.ActiveCfg = Release|Any CPU
		{43B6B631-BB9E-4F70-89C8-30C2342E7FA3}.Release|Any CPU.Build.0 = Release|Any CPU
		{290EF238-4052-40BB-B5D5-ED2482491810}.Debug|Any CPU.ActiveCfg = Debug|Any CPU
		{290EF238-4052-40BB-B5D5-ED2482491810}.Debug|Any CPU.Build.0 = Debug|Any CPU
		{290EF238-4052-40BB-B5D5-ED2482491810}.Release|Any CPU.ActiveCfg = Release|Any CPU
		{290EF238-4052-40BB-B5D5-ED2482491810}.Release|Any CPU.Build.0 = Release|Any CPU
		{10B39461-2449-4762-B763-E8216F51136C}.Debug|Any CPU.ActiveCfg = Debug|Any CPU
		{10B39461-2449-4762-B763-E8216F51136C}.Debug|Any CPU.Build.0 = Debug|Any CPU
		{10B39461-2449-4762-B763-E8216F51136C}.Release|Any CPU.ActiveCfg = Release|Any CPU
		{10B39461-2449-4762-B763-E8216F51136C}.Release|Any CPU.Build.0 = Release|Any CPU
		{CCD9FC98-40D1-4EA7-8925-C2CE1B140D0A}.Debug|Any CPU.ActiveCfg = Debug|Any CPU
		{CCD9FC98-40D1-4EA7-8925-C2CE1B140D0A}.Debug|Any CPU.Build.0 = Debug|Any CPU
		{CCD9FC98-40D1-4EA7-8925-C2CE1B140D0A}.Release|Any CPU.ActiveCfg = Release|Any CPU
		{CCD9FC98-40D1-4EA7-8925-C2CE1B140D0A}.Release|Any CPU.Build.0 = Release|Any CPU
		{AE0F6743-7EF5-4722-A4F0-BFFD780E7751}.Debug|Any CPU.ActiveCfg = Debug|Any CPU
		{AE0F6743-7EF5-4722-A4F0-BFFD780E7751}.Debug|Any CPU.Build.0 = Debug|Any CPU
		{AE0F6743-7EF5-4722-A4F0-BFFD780E7751}.Release|Any CPU.ActiveCfg = Release|Any CPU
		{AE0F6743-7EF5-4722-A4F0-BFFD780E7751}.Release|Any CPU.Build.0 = Release|Any CPU
		{6DC2E508-AB06-463C-AAD4-266E61F9F395}.Debug|Any CPU.ActiveCfg = Debug|Any CPU
		{6DC2E508-AB06-463C-AAD4-266E61F9F395}.Debug|Any CPU.Build.0 = Debug|Any CPU
		{6DC2E508-AB06-463C-AAD4-266E61F9F395}.Release|Any CPU.ActiveCfg = Release|Any CPU
		{6DC2E508-AB06-463C-AAD4-266E61F9F395}.Release|Any CPU.Build.0 = Release|Any CPU
	EndGlobalSection
	GlobalSection(SolutionProperties) = preSolution
		HideSolutionNode = FALSE
	EndGlobalSection
	GlobalSection(ExtensibilityGlobals) = postSolution
		SolutionGuid = {D3A62149-158E-4F2A-9040-2EBCC41D92AC}
	EndGlobalSection
EndGlobal
